
Microsoft Visual Studio Solution File, Format Version 12.00
# Visual Studio 15
VisualStudioVersion = 15.0.27130.2036
MinimumVisualStudioVersion = 10.0.40219.1
Project("{FAE04EC0-301F-11D3-BF4B-00C04F79EFBC}") = "CSharp", "CSharp\CSharp.csproj", "{9B904695-95E0-4B7D-B6E8-E713083C3824}"
EndProject
Project("{F2A71F9B-5D33-465A-A702-920D77279786}") = "FSharp", "FSharp\FSharp.fsproj", "{F8B92220-C679-44EE-830F-E65EE97FA574}"
EndProject
Global
	GlobalSection(SolutionConfigurationPlatforms) = preSolution
		Debug|Any CPU = Debug|Any CPU
		Release|Any CPU = Release|Any CPU
	EndGlobalSection
	GlobalSection(ProjectConfigurationPlatforms) = postSolution
		{9B904695-95E0-4B7D-B6E8-E713083C3824}.Debug|Any CPU.ActiveCfg = Debug|Any CPU
		{9B904695-95E0-4B7D-B6E8-E713083C3824}.Debug|Any CPU.Build.0 = Debug|Any CPU
		{9B904695-95E0-4B7D-B6E8-E713083C3824}.Release|Any CPU.ActiveCfg = Release|Any CPU
		{9B904695-95E0-4B7D-B6E8-E713083C3824}.Release|Any CPU.Build.0 = Release|Any CPU
		{F8B92220-C679-44EE-830F-E65EE97FA574}.Debug|Any CPU.ActiveCfg = Debug|Any CPU
		{F8B92220-C679-44EE-830F-E65EE97FA574}.Debug|Any CPU.Build.0 = Debug|Any CPU
		{F8B92220-C679-44EE-830F-E65EE97FA574}.Release|Any CPU.ActiveCfg = Release|Any CPU
		{F8B92220-C679-44EE-830F-E65EE97FA574}.Release|Any CPU.Build.0 = Release|Any CPU
	EndGlobalSection
	GlobalSection(SolutionProperties) = preSolution
		HideSolutionNode = FALSE
	EndGlobalSection
	GlobalSection(ExtensibilityGlobals) = postSolution
		SolutionGuid = {7FFEDA9B-6F9E-4E55-B26F-39ACC8813BE4}
	EndGlobalSection
EndGlobal
